
Microsoft Visual Studio Solution File, Format Version 12.00
# Visual Studio Version 16
VisualStudioVersion = 16.0.33927.289
MinimumVisualStudioVersion = 10.0.40219.1
Project("{2150E333-8FDC-42A3-9474-1A3956D46DE8}") = "Task0", "Task0", "{DD527057-A8F8-4B4C-80B6-F69113BD2AFB}"
EndProject
Project("{FAE04EC0-301F-11D3-BF4B-00C04F79EFBC}") = "Tyuiu.PesrikovDD.Sprit1.Task0.V25.Test", "Tyuiu.PesrikovDD.Sprit1.Task0.V25.Test\Tyuiu.PesrikovDD.Sprit1.Task0.V25.Test.csproj", "{97C71407-72E9-4639-A97F-DA6D293D67D0}"
EndProject
Project("{FAE04EC0-301F-11D3-BF4B-00C04F79EFBC}") = "Tyuiu.PesrikovDD.Sprit1.Task0.V25.Lib", "Tyuiu.PesrikovDD.Sprit1.Task0.V25.Lib\Tyuiu.PesrikovDD.Sprit1.Task0.V25.Lib.csproj", "{50526001-4569-4065-A384-FD7E98E6BD4E}"
EndProject
Project("{FAE04EC0-301F-11D3-BF4B-00C04F79EFBC}") = "Tyuiu.PesrikovDD.Sprit1.Task0.V25", "Tyuiu.PesrikovDD.Sprit1.Task0.V25\Tyuiu.PesrikovDD.Sprit1.Task0.V25.csproj", "{467198C4-B1AE-493A-9231-2B49F820873A}"
EndProject
Project("{2150E333-8FDC-42A3-9474-1A3956D46DE8}") = "Task1", "Task1", "{DF51F899-62A5-49B3-98FB-09A705F915DC}"
EndProject
Project("{FAE04EC0-301F-11D3-BF4B-00C04F79EFBC}") = "Tyuiu.PesrikovDD.Sprit1.Task1.V24.Test", "Tyuiu.PesrikovDD.Sprit1.Task1.V24.Test\Tyuiu.PesrikovDD.Sprit1.Task1.V24.Test.csproj", "{50467BB9-BDC2-4537-BF85-428414F4C100}"
EndProject
Project("{FAE04EC0-301F-11D3-BF4B-00C04F79EFBC}") = "Tyuiu.PesrikovDD.Sprit1.Task1.V24.Lib", "Tyuiu.PesrikovDD.Sprit1.Task1.V24.Lib\Tyuiu.PesrikovDD.Sprit1.Task1.V24.Lib.csproj", "{0EAC5467-FCAF-44C1-8718-EEE35363767D}"
EndProject
Project("{FAE04EC0-301F-11D3-BF4B-00C04F79EFBC}") = "Tyuiu.PesrikovDD.Sprit1.Task1.V24", "Tyuiu.PesrikovDD.Sprit1.Task1.V24\Tyuiu.PesrikovDD.Sprit1.Task1.V24.csproj", "{4A182CBA-ACE9-430F-836B-8BDC5F0EBF5A}"
EndProject
Project("{2150E333-8FDC-42A3-9474-1A3956D46DE8}") = "Task2", "Task2", "{33DBE847-D7A2-4EB1-9095-402708E9ADD3}"
EndProject
Project("{FAE04EC0-301F-11D3-BF4B-00C04F79EFBC}") = "Tyuiu.PesrikovDD.Sprit1.Task2.V17.Test", "Tyuiu.PesrikovDD.Sprit1.Task2.V17.Test\Tyuiu.PesrikovDD.Sprit1.Task2.V17.Test.csproj", "{598B82AA-6834-44B0-843C-47E25C6FE0D2}"
EndProject
Project("{FAE04EC0-301F-11D3-BF4B-00C04F79EFBC}") = "Tyuiu.PesrikovDD.Sprit1.Task2.V17.Lib", "Tyuiu.PesrikovDD.Sprit1.Task2.V17.Lib\Tyuiu.PesrikovDD.Sprit1.Task2.V17.Lib.csproj", "{2F9B0E05-CB73-4151-B2BB-2C94B319CAFC}"
EndProject
Project("{FAE04EC0-301F-11D3-BF4B-00C04F79EFBC}") = "Tyuiu.PesrikovDD.Sprit1.Task2.V17", "Tyuiu.PesrikovDD.Sprit1.Task2.V17\Tyuiu.PesrikovDD.Sprit1.Task2.V17.csproj", "{A0E2D250-410C-4DDB-AB2D-D2D2F848EBBD}"
EndProject
Global
	GlobalSection(SolutionConfigurationPlatforms) = preSolution
		Debug|Any CPU = Debug|Any CPU
		Release|Any CPU = Release|Any CPU
	EndGlobalSection
	GlobalSection(ProjectConfigurationPlatforms) = postSolution
		{97C71407-72E9-4639-A97F-DA6D293D67D0}.Debug|Any CPU.ActiveCfg = Debug|Any CPU
		{97C71407-72E9-4639-A97F-DA6D293D67D0}.Debug|Any CPU.Build.0 = Debug|Any CPU
		{97C71407-72E9-4639-A97F-DA6D293D67D0}.Release|Any CPU.ActiveCfg = Release|Any CPU
		{97C71407-72E9-4639-A97F-DA6D293D67D0}.Release|Any CPU.Build.0 = Release|Any CPU
		{50526001-4569-4065-A384-FD7E98E6BD4E}.Debug|Any CPU.ActiveCfg = Debug|Any CPU
		{50526001-4569-4065-A384-FD7E98E6BD4E}.Debug|Any CPU.Build.0 = Debug|Any CPU
		{50526001-4569-4065-A384-FD7E98E6BD4E}.Release|Any CPU.ActiveCfg = Release|Any CPU
		{50526001-4569-4065-A384-FD7E98E6BD4E}.Release|Any CPU.Build.0 = Release|Any CPU
		{467198C4-B1AE-493A-9231-2B49F820873A}.Debug|Any CPU.ActiveCfg = Debug|Any CPU
		{467198C4-B1AE-493A-9231-2B49F820873A}.Debug|Any CPU.Build.0 = Debug|Any CPU
		{467198C4-B1AE-493A-9231-2B49F820873A}.Release|Any CPU.ActiveCfg = Release|Any CPU
		{467198C4-B1AE-493A-9231-2B49F820873A}.Release|Any CPU.Build.0 = Release|Any CPU
		{50467BB9-BDC2-4537-BF85-428414F4C100}.Debug|Any CPU.ActiveCfg = Debug|Any CPU
		{50467BB9-BDC2-4537-BF85-428414F4C100}.Debug|Any CPU.Build.0 = Debug|Any CPU
		{50467BB9-BDC2-4537-BF85-428414F4C100}.Release|Any CPU.ActiveCfg = Release|Any CPU
		{50467BB9-BDC2-4537-BF85-428414F4C100}.Release|Any CPU.Build.0 = Release|Any CPU
		{0EAC5467-FCAF-44C1-8718-EEE35363767D}.Debug|Any CPU.ActiveCfg = Debug|Any CPU
		{0EAC5467-FCAF-44C1-8718-EEE35363767D}.Debug|Any CPU.Build.0 = Debug|Any CPU
		{0EAC5467-FCAF-44C1-8718-EEE35363767D}.Release|Any CPU.ActiveCfg = Release|Any CPU
		{0EAC5467-FCAF-44C1-8718-EEE35363767D}.Release|Any CPU.Build.0 = Release|Any CPU
		{4A182CBA-ACE9-430F-836B-8BDC5F0EBF5A}.Debug|Any CPU.ActiveCfg = Debug|Any CPU
		{4A182CBA-ACE9-430F-836B-8BDC5F0EBF5A}.Debug|Any CPU.Build.0 = Debug|Any CPU
		{4A182CBA-ACE9-430F-836B-8BDC5F0EBF5A}.Release|Any CPU.ActiveCfg = Release|Any CPU
		{4A182CBA-ACE9-430F-836B-8BDC5F0EBF5A}.Release|Any CPU.Build.0 = Release|Any CPU
		{598B82AA-6834-44B0-843C-47E25C6FE0D2}.Debug|Any CPU.ActiveCfg = Debug|Any CPU
		{598B82AA-6834-44B0-843C-47E25C6FE0D2}.Debug|Any CPU.Build.0 = Debug|Any CPU
		{598B82AA-6834-44B0-843C-47E25C6FE0D2}.Release|Any CPU.ActiveCfg = Release|Any CPU
		{598B82AA-6834-44B0-843C-47E25C6FE0D2}.Release|Any CPU.Build.0 = Release|Any CPU
		{2F9B0E05-CB73-4151-B2BB-2C94B319CAFC}.Debug|Any CPU.ActiveCfg = Debug|Any CPU
		{2F9B0E05-CB73-4151-B2BB-2C94B319CAFC}.Debug|Any CPU.Build.0 = Debug|Any CPU
		{2F9B0E05-CB73-4151-B2BB-2C94B319CAFC}.Release|Any CPU.ActiveCfg = Release|Any CPU
		{2F9B0E05-CB73-4151-B2BB-2C94B319CAFC}.Release|Any CPU.Build.0 = Release|Any CPU
		{A0E2D250-410C-4DDB-AB2D-D2D2F848EBBD}.Debug|Any CPU.ActiveCfg = Debug|Any CPU
		{A0E2D250-410C-4DDB-AB2D-D2D2F848EBBD}.Debug|Any CPU.Build.0 = Debug|Any CPU
		{A0E2D250-410C-4DDB-AB2D-D2D2F848EBBD}.Release|Any CPU.ActiveCfg = Release|Any CPU
		{A0E2D250-410C-4DDB-AB2D-D2D2F848EBBD}.Release|Any CPU.Build.0 = Release|Any CPU
	EndGlobalSection
	GlobalSection(SolutionProperties) = preSolution
		HideSolutionNode = FALSE
	EndGlobalSection
	GlobalSection(NestedProjects) = preSolution
		{97C71407-72E9-4639-A97F-DA6D293D67D0} = {DD527057-A8F8-4B4C-80B6-F69113BD2AFB}
		{50526001-4569-4065-A384-FD7E98E6BD4E} = {DD527057-A8F8-4B4C-80B6-F69113BD2AFB}
		{467198C4-B1AE-493A-9231-2B49F820873A} = {DD527057-A8F8-4B4C-80B6-F69113BD2AFB}
		{50467BB9-BDC2-4537-BF85-428414F4C100} = {DF51F899-62A5-49B3-98FB-09A705F915DC}
		{0EAC5467-FCAF-44C1-8718-EEE35363767D} = {DF51F899-62A5-49B3-98FB-09A705F915DC}
		{4A182CBA-ACE9-430F-836B-8BDC5F0EBF5A} = {DF51F899-62A5-49B3-98FB-09A705F915DC}
		{598B82AA-6834-44B0-843C-47E25C6FE0D2} = {33DBE847-D7A2-4EB1-9095-402708E9ADD3}
		{2F9B0E05-CB73-4151-B2BB-2C94B319CAFC} = {33DBE847-D7A2-4EB1-9095-402708E9ADD3}
		{A0E2D250-410C-4DDB-AB2D-D2D2F848EBBD} = {33DBE847-D7A2-4EB1-9095-402708E9ADD3}
	EndGlobalSection
	GlobalSection(ExtensibilityGlobals) = postSolution
		SolutionGuid = {7F0ABB56-ED36-446D-B75A-58B5D256B82D}
	EndGlobalSection
EndGlobal
